{
  "name": "book_delivery",
  "requires": true,
  "lockfileVersion": 1,
  "dependencies": {
    "bulma-pricingtable": {
      "version": "1.2.0",
      "resolved": "https://registry.npmjs.org/bulma-pricingtable/-/bulma-pricingtable-1.2.0.tgz",
      "integrity": "sha1-zug7inuZ6HTqGEg0SuP8diNW80M="
    }
  }
}
